# This file was autogenerated by Stack.
# You should not edit this file by hand.
# For more information, please see the documentation at:
#   https://docs.haskellstack.org/en/stable/lock_files

packages:
- completed:
    size: 31724
    filepath: datfw-0.1.5.0.tar.gz
    name: datfw
    version: 0.1.5.0
    sha256: d8157a4fa1f29606cf96429a3d388eba94214eec184a4e5961799b5fa2ee99e3
    pantry-tree:
      size: 2431
      sha256: 7f031864ee5be6f91fafe3a021b0e199b73f3dd90398b8bbdf748bc2196b5095
  original:
    filepath: datfw-0.1.5.0.tar.gz
snapshots:
- completed:
    size: 590100
    url: https://raw.githubusercontent.com/commercialhaskell/stackage-snapshots/master/lts/18/28.yaml
    sha256: 428ec8d5ce932190d3cbe266b9eb3c175cd81e984babf876b64019e2cbe4ea68
  original: lts-18.28
